
Microsoft Visual Studio Solution File, Format Version 12.00
# Visual Studio Version 17
VisualStudioVersion = 17.7.34009.444
MinimumVisualStudioVersion = 10.0.40219.1
Project("{FAE04EC0-301F-11D3-BF4B-00C04F79EFBC}") = "SofTk_TechOil_Front", "SofTk_TechOil_Front.csproj", "{9DEE65BD-E91D-4EBF-A538-D8EB9C1F8064}"
EndProject
Project("{FAE04EC0-301F-11D3-BF4B-00C04F79EFBC}") = "Data", "..\Data\Data.csproj", "{9CAF8221-B59C-491C-B8BB-612E31BB2BB9}"
EndProject
Global
	GlobalSection(SolutionConfigurationPlatforms) = preSolution
		Debug|Any CPU = Debug|Any CPU
		Release|Any CPU = Release|Any CPU
	EndGlobalSection
	GlobalSection(ProjectConfigurationPlatforms) = postSolution
		{9DEE65BD-E91D-4EBF-A538-D8EB9C1F8064}.Debug|Any CPU.ActiveCfg = Debug|Any CPU
		{9DEE65BD-E91D-4EBF-A538-D8EB9C1F8064}.Debug|Any CPU.Build.0 = Debug|Any CPU
		{9DEE65BD-E91D-4EBF-A538-D8EB9C1F8064}.Release|Any CPU.ActiveCfg = Release|Any CPU
		{9DEE65BD-E91D-4EBF-A538-D8EB9C1F8064}.Release|Any CPU.Build.0 = Release|Any CPU
		{9CAF8221-B59C-491C-B8BB-612E31BB2BB9}.Debug|Any CPU.ActiveCfg = Debug|Any CPU
		{9CAF8221-B59C-491C-B8BB-612E31BB2BB9}.Debug|Any CPU.Build.0 = Debug|Any CPU
		{9CAF8221-B59C-491C-B8BB-612E31BB2BB9}.Release|Any CPU.ActiveCfg = Release|Any CPU
		{9CAF8221-B59C-491C-B8BB-612E31BB2BB9}.Release|Any CPU.Build.0 = Release|Any CPU
	EndGlobalSection
	GlobalSection(SolutionProperties) = preSolution
		HideSolutionNode = FALSE
	EndGlobalSection
	GlobalSection(ExtensibilityGlobals) = postSolution
		SolutionGuid = {574E2A5F-DCC7-42B8-9AE1-25A34E076465}
	EndGlobalSection
EndGlobal
